
Microsoft Visual Studio Solution File, Format Version 12.00
# Visual Studio 15
VisualStudioVersion = 15.0.28307.489
MinimumVisualStudioVersion = 10.0.40219.1
Project("{8BC9CEB8-8B4A-11D0-8D11-00A0C91BC942}") = "Project1", "Project1\Project1.vcxproj", "{ABB297DA-1AE6-49C8-AA58-DB57F70F4540}"
EndProject
Global
	GlobalSection(SolutionConfigurationPlatforms) = preSolution
		Debug|x64 = Debug|x64
		Debug|x86 = Debug|x86
		Release|x64 = Release|x64
		Release|x86 = Release|x86
	EndGlobalSection
	GlobalSection(ProjectConfigurationPlatforms) = postSolution
		{ABB297DA-1AE6-49C8-AA58-DB57F70F4540}.Debug|x64.ActiveCfg = Debug|x64
		{ABB297DA-1AE6-49C8-AA58-DB57F70F4540}.Debug|x64.Build.0 = Debug|x64
		{ABB297DA-1AE6-49C8-AA58-DB57F70F4540}.Debug|x86.ActiveCfg = Debug|Win32
		{ABB297DA-1AE6-49C8-AA58-DB57F70F4540}.Debug|x86.Build.0 = Debug|Win32
		{ABB297DA-1AE6-49C8-AA58-DB57F70F4540}.Release|x64.ActiveCfg = Release|x64
		{ABB297DA-1AE6-49C8-AA58-DB57F70F4540}.Release|x64.Build.0 = Release|x64
		{ABB297DA-1AE6-49C8-AA58-DB57F70F4540}.Release|x86.ActiveCfg = Release|Win32
		{ABB297DA-1AE6-49C8-AA58-DB57F70F4540}.Release|x86.Build.0 = Release|Win32
	EndGlobalSection
	GlobalSection(SolutionProperties) = preSolution
		HideSolutionNode = FALSE
	EndGlobalSection
	GlobalSection(ExtensibilityGlobals) = postSolution
		SolutionGuid = {BD5CE288-88B8-46E9-981F-65DCE330C60A}
	EndGlobalSection
EndGlobal
